
Microsoft Visual Studio Solution File, Format Version 12.00
# Visual Studio Version 17
VisualStudioVersion = 17.3.32825.248
MinimumVisualStudioVersion = 10.0.40219.1
Project("{FAE04EC0-301F-11D3-BF4B-00C04F79EFBC}") = "address", "address.csproj", "{50416615-83AE-40E9-9638-7CD86902958F}"
EndProject
Global
	GlobalSection(SolutionConfigurationPlatforms) = preSolution
		Debug|Any CPU = Debug|Any CPU
		Release|Any CPU = Release|Any CPU
	EndGlobalSection
	GlobalSection(ProjectConfigurationPlatforms) = postSolution
		{50416615-83AE-40E9-9638-7CD86902958F}.Debug|Any CPU.ActiveCfg = Debug|Any CPU
		{50416615-83AE-40E9-9638-7CD86902958F}.Debug|Any CPU.Build.0 = Debug|Any CPU
		{50416615-83AE-40E9-9638-7CD86902958F}.Release|Any CPU.ActiveCfg = Release|Any CPU
		{50416615-83AE-40E9-9638-7CD86902958F}.Release|Any CPU.Build.0 = Release|Any CPU
	EndGlobalSection
	GlobalSection(SolutionProperties) = preSolution
		HideSolutionNode = FALSE
	EndGlobalSection
	GlobalSection(ExtensibilityGlobals) = postSolution
		SolutionGuid = {286BEBD3-8FFB-449F-B858-2B694207BB14}
	EndGlobalSection
EndGlobal
